
Microsoft Visual Studio Solution File, Format Version 12.00
# Visual Studio 2017
Project("{FAE04EC0-301F-11D3-BF4B-00C04F79EFBC}") = "Paratrooper.Plugins", "Paratrooper.Plugins.csproj", "{DC6FC505-9B7F-AFEB-58F0-269BD8A458AB}"
EndProject
Project("{FAE04EC0-301F-11D3-BF4B-00C04F79EFBC}") = "Paratrooper.Editor.Plugins", "Paratrooper.Editor.Plugins.csproj", "{4C646941-277B-AAF5-471C-A105B88BFC89}"
EndProject
Project("{FAE04EC0-301F-11D3-BF4B-00C04F79EFBC}") = "Paratrooper", "Paratrooper.csproj", "{CFCBAE0E-743C-FCD2-0D82-AA9C436E0F95}"
EndProject
Global
	GlobalSection(SolutionConfigurationPlatforms) = preSolution
		Debug|Any CPU = Debug|Any CPU
		Release|Any CPU = Release|Any CPU
	EndGlobalSection
	GlobalSection(ProjectConfigurationPlatforms) = postSolution
		{DC6FC505-9B7F-AFEB-58F0-269BD8A458AB}.Debug|Any CPU.ActiveCfg = Debug|Any CPU
		{DC6FC505-9B7F-AFEB-58F0-269BD8A458AB}.Debug|Any CPU.Build.0 = Debug|Any CPU
		{DC6FC505-9B7F-AFEB-58F0-269BD8A458AB}.Release|Any CPU.ActiveCfg = Release|Any CPU
		{DC6FC505-9B7F-AFEB-58F0-269BD8A458AB}.Release|Any CPU.Build.0 = Release|Any CPU
		{4C646941-277B-AAF5-471C-A105B88BFC89}.Debug|Any CPU.ActiveCfg = Debug|Any CPU
		{4C646941-277B-AAF5-471C-A105B88BFC89}.Debug|Any CPU.Build.0 = Debug|Any CPU
		{4C646941-277B-AAF5-471C-A105B88BFC89}.Release|Any CPU.ActiveCfg = Release|Any CPU
		{4C646941-277B-AAF5-471C-A105B88BFC89}.Release|Any CPU.Build.0 = Release|Any CPU
		{CFCBAE0E-743C-FCD2-0D82-AA9C436E0F95}.Debug|Any CPU.ActiveCfg = Debug|Any CPU
		{CFCBAE0E-743C-FCD2-0D82-AA9C436E0F95}.Debug|Any CPU.Build.0 = Debug|Any CPU
		{CFCBAE0E-743C-FCD2-0D82-AA9C436E0F95}.Release|Any CPU.ActiveCfg = Release|Any CPU
		{CFCBAE0E-743C-FCD2-0D82-AA9C436E0F95}.Release|Any CPU.Build.0 = Release|Any CPU
	EndGlobalSection
	GlobalSection(SolutionProperties) = preSolution
		HideSolutionNode = FALSE
	EndGlobalSection
EndGlobal
